// !$*UTF8*$!
{
	archiveVersion = 1;
	classes = {
	};
	objectVersion = 46;
	objects = {

/* Begin PBXBuildFile section */
		76ED206315BF096C00E186D3 /* UIKit.framework in Frameworks */ = {isa = PBXBuildFile; fileRef = 76ED206215BF096C00E186D3 /* UIKit.framework */; };
		76ED206515BF096C00E186D3 /* Foundation.framework in Frameworks */ = {isa = PBXBuildFile; fileRef = 76ED206415BF096C00E186D3 /* Foundation.framework */; };
		76ED206715BF096C00E186D3 /* CoreGraphics.framework in Frameworks */ = {isa = PBXBuildFile; fileRef = 76ED206615BF096C00E186D3 /* CoreGraphics.framework */; };
		76ED206D15BF096C00E186D3 /* InfoPlist.strings in Resources */ = {isa = PBXBuildFile; fileRef = 76ED206B15BF096C00E186D3 /* InfoPlist.strings */; };
		76ED206F15BF096C00E186D3 /* main.m in Sources */ = {isa = PBXBuildFile; fileRef = 76ED206E15BF096C00E186D3 /* main.m */; };
		76ED207315BF096C00E186D3 /* AppDelegate.m in Sources */ = {isa = PBXBuildFile; fileRef = 76ED207215BF096C00E186D3 /* AppDelegate.m */; };
		76ED207615BF096C00E186D3 /* ViewController.m in Sources */ = {isa = PBXBuildFile; fileRef = 76ED207515BF096C00E186D3 /* ViewController.m */; };
		76ED207915BF096C00E186D3 /* ViewController.xib in Resources */ = {isa = PBXBuildFile; fileRef = 76ED207715BF096C00E186D3 /* ViewController.xib */; };
		76ED208715BF09E300E186D3 /* UIBubbleTableView.m in Sources */ = {isa = PBXBuildFile; fileRef = 76ED208615BF09E300E186D3 /* UIBubbleTableView.m */; };
		76ED208B15BF0BB100E186D3 /* NSBubbleData.m in Sources */ = {isa = PBXBuildFile; fileRef = 76ED208A15BF0BB100E186D3 /* NSBubbleData.m */; };
		76ED209115BF263600E186D3 /* NSBubbleDataInternal.m in Sources */ = {isa = PBXBuildFile; fileRef = 76ED209015BF263600E186D3 /* NSBubbleDataInternal.m */; };
		76ED209415BF29EE00E186D3 /* UIBubbleTableViewCell.m in Sources */ = {isa = PBXBuildFile; fileRef = 76ED209315BF29EE00E186D3 /* UIBubbleTableViewCell.m */; };
		76ED209615BF2A1400E186D3 /* UIBubbleTableViewCell.xib in Resources */ = {isa = PBXBuildFile; fileRef = 76ED209515BF2A1400E186D3 /* UIBubbleTableViewCell.xib */; };
		76ED209A15BF32AA00E186D3 /* bubbleMine.png in Resources */ = {isa = PBXBuildFile; fileRef = 76ED209815BF32AA00E186D3 /* bubbleMine.png */; };
		76ED209B15BF32AA00E186D3 /* bubbleSomeone.png in Resources */ = {isa = PBXBuildFile; fileRef = 76ED209915BF32AA00E186D3 /* bubbleSomeone.png */; };
		C86D4FF815BFE7B3003F161E /* bubbleMine@2x.png in Resources */ = {isa = PBXBuildFile; fileRef = C86D4FF615BFE7B3003F161E /* bubbleMine@2x.png */; };
		C86D4FF915BFE7B3003F161E /* bubbleSomeone@2x.png in Resources */ = {isa = PBXBuildFile; fileRef = C86D4FF715BFE7B3003F161E /* bubbleSomeone@2x.png */; };
		C86D4FFC15BFEBBF003F161E /* icon_57.png in Resources */ = {isa = PBXBuildFile; fileRef = C86D4FFB15BFEBBF003F161E /* icon_57.png */; };
		C86D4FFE15BFEBC1003F161E /* icon_114.png in Resources */ = {isa = PBXBuildFile; fileRef = C86D4FFD15BFEBC1003F161E /* icon_114.png */; };
/* End PBXBuildFile section */

/* Begin PBXFileReference section */
		76ED205E15BF096C00E186D3 /* UIBubbleTableViewExample.app */ = {isa = PBXFileReference; explicitFileType = wrapper.application; includeInIndex = 0; path = UIBubbleTableViewExample.app; sourceTree = BUILT_PRODUCTS_DIR; };
		76ED206215BF096C00E186D3 /* UIKit.framework */ = {isa = PBXFileReference; lastKnownFileType = wrapper.framework; name = UIKit.framework; path = System/Library/Frameworks/UIKit.framework; sourceTree = SDKROOT; };
		76ED206415BF096C00E186D3 /* Foundation.framework */ = {isa = PBXFileReference; lastKnownFileType = wrapper.framework; name = Foundation.framework; path = System/Library/Frameworks/Foundation.framework; sourceTree = SDKROOT; };
		76ED206615BF096C00E186D3 /* CoreGraphics.framework */ = {isa = PBXFileReference; lastKnownFileType = wrapper.framework; name = CoreGraphics.framework; path = System/Library/Frameworks/CoreGraphics.framework; sourceTree = SDKROOT; };
		76ED206A15BF096C00E186D3 /* UIBubbleTableViewExample-Info.plist */ = {isa = PBXFileReference; lastKnownFileType = text.plist.xml; path = "UIBubbleTableViewExample-Info.plist"; sourceTree = "<group>"; };
		76ED206C15BF096C00E186D3 /* en */ = {isa = PBXFileReference; lastKnownFileType = text.plist.strings; name = en; path = en.lproj/InfoPlist.strings; sourceTree = "<group>"; };
		76ED206E15BF096C00E186D3 /* main.m */ = {isa = PBXFileReference; lastKnownFileType = sourcecode.c.objc; path = main.m; sourceTree = "<group>"; };
		76ED207015BF096C00E186D3 /* UIBubbleTableViewExample-Prefix.pch */ = {isa = PBXFileReference; lastKnownFileType = sourcecode.c.h; path = "UIBubbleTableViewExample-Prefix.pch"; sourceTree = "<group>"; };
		76ED207115BF096C00E186D3 /* AppDelegate.h */ = {isa = PBXFileReference; lastKnownFileType = sourcecode.c.h; path = AppDelegate.h; sourceTree = "<group>"; };
		76ED207215BF096C00E186D3 /* AppDelegate.m */ = {isa = PBXFileReference; lastKnownFileType = sourcecode.c.objc; path = AppDelegate.m; sourceTree = "<group>"; };
		76ED207415BF096C00E186D3 /* ViewController.h */ = {isa = PBXFileReference; lastKnownFileType = sourcecode.c.h; path = ViewController.h; sourceTree = "<group>"; };
		76ED207515BF096C00E186D3 /* ViewController.m */ = {isa = PBXFileReference; lastKnownFileType = sourcecode.c.objc; path = ViewController.m; sourceTree = "<group>"; };
		76ED207815BF096C00E186D3 /* en */ = {isa = PBXFileReference; lastKnownFileType = file.xib; name = en; path = en.lproj/ViewController.xib; sourceTree = "<group>"; };
		76ED208515BF09E300E186D3 /* UIBubbleTableView.h */ = {isa = PBXFileReference; fileEncoding = 4; lastKnownFileType = sourcecode.c.h; name = UIBubbleTableView.h; path = ../../src/UIBubbleTableView.h; sourceTree = "<group>"; };
		76ED208615BF09E300E186D3 /* UIBubbleTableView.m */ = {isa = PBXFileReference; fileEncoding = 4; lastKnownFileType = sourcecode.c.objc; name = UIBubbleTableView.m; path = ../../src/UIBubbleTableView.m; sourceTree = "<group>"; };
		76ED208815BF0B4400E186D3 /* UIBubbleTableViewDataSource.h */ = {isa = PBXFileReference; lastKnownFileType = sourcecode.c.h; name = UIBubbleTableViewDataSource.h; path = ../../src/UIBubbleTableViewDataSource.h; sourceTree = "<group>"; };
		76ED208915BF0BB100E186D3 /* NSBubbleData.h */ = {isa = PBXFileReference; fileEncoding = 4; lastKnownFileType = sourcecode.c.h; name = NSBubbleData.h; path = ../../src/NSBubbleData.h; sourceTree = "<group>"; };
		76ED208A15BF0BB100E186D3 /* NSBubbleData.m */ = {isa = PBXFileReference; fileEncoding = 4; lastKnownFileType = sourcecode.c.objc; name = NSBubbleData.m; path = ../../src/NSBubbleData.m; sourceTree = "<group>"; };
		76ED208F15BF263600E186D3 /* NSBubbleDataInternal.h */ = {isa = PBXFileReference; fileEncoding = 4; lastKnownFileType = sourcecode.c.h; name = NSBubbleDataInternal.h; path = ../../src/NSBubbleDataInternal.h; sourceTree = "<group>"; };
		76ED209015BF263600E186D3 /* NSBubbleDataInternal.m */ = {isa = PBXFileReference; fileEncoding = 4; lastKnownFileType = sourcecode.c.objc; name = NSBubbleDataInternal.m; path = ../../src/NSBubbleDataInternal.m; sourceTree = "<group>"; };
		76ED209215BF29EE00E186D3 /* UIBubbleTableViewCell.h */ = {isa = PBXFileReference; fileEncoding = 4; lastKnownFileType = sourcecode.c.h; name = UIBubbleTableViewCell.h; path = ../../src/UIBubbleTableViewCell.h; sourceTree = "<group>"; };
		76ED209315BF29EE00E186D3 /* UIBubbleTableViewCell.m */ = {isa = PBXFileReference; fileEncoding = 4; lastKnownFileType = sourcecode.c.objc; name = UIBubbleTableViewCell.m; path = ../../src/UIBubbleTableViewCell.m; sourceTree = "<group>"; };
		76ED209515BF2A1400E186D3 /* UIBubbleTableViewCell.xib */ = {isa = PBXFileReference; fileEncoding = 4; lastKnownFileType = file.xib; name = UIBubbleTableViewCell.xib; path = ../../src/UIBubbleTableViewCell.xib; sourceTree = "<group>"; };
		76ED209815BF32AA00E186D3 /* bubbleMine.png */ = {isa = PBXFileReference; lastKnownFileType = image.png; name = bubbleMine.png; path = ../../images/bubbleMine.png; sourceTree = "<group>"; };
		76ED209915BF32AA00E186D3 /* bubbleSomeone.png */ = {isa = PBXFileReference; lastKnownFileType = image.png; name = bubbleSomeone.png; path = ../../images/bubbleSomeone.png; sourceTree = "<group>"; };
		C86D4FF615BFE7B3003F161E /* bubbleMine@2x.png */ = {isa = PBXFileReference; lastKnownFileType = image.png; name = "bubbleMine@2x.png"; path = "../../images/bubbleMine@2x.png"; sourceTree = "<group>"; };
		C86D4FF715BFE7B3003F161E /* bubbleSomeone@2x.png */ = {isa = PBXFileReference; lastKnownFileType = image.png; name = "bubbleSomeone@2x.png"; path = "../../images/bubbleSomeone@2x.png"; sourceTree = "<group>"; };
		C86D4FFB15BFEBBF003F161E /* icon_57.png */ = {isa = PBXFileReference; lastKnownFileType = image.png; name = icon_57.png; path = ../icon_57.png; sourceTree = "<group>"; };
		C86D4FFD15BFEBC1003F161E /* icon_114.png */ = {isa = PBXFileReference; lastKnownFileType = image.png; name = icon_114.png; path = ../icon_114.png; sourceTree = "<group>"; };
/* End PBXFileReference section */

/* Begin PBXFrameworksBuildPhase section */
		76ED205B15BF096C00E186D3 /* Frameworks */ = {
			isa = PBXFrameworksBuildPhase;
			buildActionMask = 2147483647;
			files = (
				76ED206315BF096C00E186D3 /* UIKit.framework in Frameworks */,
				76ED206515BF096C00E186D3 /* Foundation.framework in Frameworks */,
				76ED206715BF096C00E186D3 /* CoreGraphics.framework in Frameworks */,
			);
			runOnlyForDeploymentPostprocessing = 0;
		};
/* End PBXFrameworksBuildPhase section */

/* Begin PBXGroup section */
		76ED205315BF096C00E186D3 = {
			isa = PBXGroup;
			children = (
				76ED206815BF096C00E186D3 /* UIBubbleTableViewExample */,
				76ED206115BF096C00E186D3 /* Frameworks */,
				76ED205F15BF096C00E186D3 /* Products */,
			);
			sourceTree = "<group>";
		};
		76ED205F15BF096C00E186D3 /* Products */ = {
			isa = PBXGroup;
			children = (
				76ED205E15BF096C00E186D3 /* UIBubbleTableViewExample.app */,
			);
			name = Products;
			sourceTree = "<group>";
		};
		76ED206115BF096C00E186D3 /* Frameworks */ = {
			isa = PBXGroup;
			children = (
				76ED206215BF096C00E186D3 /* UIKit.framework */,
				76ED206415BF096C00E186D3 /* Foundation.framework */,
				76ED206615BF096C00E186D3 /* CoreGraphics.framework */,
			);
			name = Frameworks;
			sourceTree = "<group>";
		};
		76ED206815BF096C00E186D3 /* UIBubbleTableViewExample */ = {
			isa = PBXGroup;
			children = (
				76ED209715BF329800E186D3 /* images */,
				76ED208315BF09AD00E186D3 /* src */,
				76ED207115BF096C00E186D3 /* AppDelegate.h */,
				76ED207215BF096C00E186D3 /* AppDelegate.m */,
				76ED207415BF096C00E186D3 /* ViewController.h */,
				76ED207515BF096C00E186D3 /* ViewController.m */,
				76ED207715BF096C00E186D3 /* ViewController.xib */,
				76ED206915BF096C00E186D3 /* Supporting Files */,
			);
			path = UIBubbleTableViewExample;
			sourceTree = "<group>";
		};
		76ED206915BF096C00E186D3 /* Supporting Files */ = {
			isa = PBXGroup;
			children = (
				C86D4FFD15BFEBC1003F161E /* icon_114.png */,
				C86D4FFB15BFEBBF003F161E /* icon_57.png */,
				76ED206A15BF096C00E186D3 /* UIBubbleTableViewExample-Info.plist */,
				76ED206B15BF096C00E186D3 /* InfoPlist.strings */,
				76ED206E15BF096C00E186D3 /* main.m */,
				76ED207015BF096C00E186D3 /* UIBubbleTableViewExample-Prefix.pch */,
			);
			name = "Supporting Files";
			sourceTree = "<group>";
		};
		76ED208315BF09AD00E186D3 /* src */ = {
			isa = PBXGroup;
			children = (
				76ED208915BF0BB100E186D3 /* NSBubbleData.h */,
				76ED208A15BF0BB100E186D3 /* NSBubbleData.m */,
				76ED208F15BF263600E186D3 /* NSBubbleDataInternal.h */,
				76ED209015BF263600E186D3 /* NSBubbleDataInternal.m */,
				76ED208515BF09E300E186D3 /* UIBubbleTableView.h */,
				76ED208615BF09E300E186D3 /* UIBubbleTableView.m */,
				76ED209215BF29EE00E186D3 /* UIBubbleTableViewCell.h */,
				76ED209315BF29EE00E186D3 /* UIBubbleTableViewCell.m */,
				76ED209515BF2A1400E186D3 /* UIBubbleTableViewCell.xib */,
				76ED208815BF0B4400E186D3 /* UIBubbleTableViewDataSource.h */,
			);
			name = src;
			sourceTree = "<group>";
		};
		76ED209715BF329800E186D3 /* images */ = {
			isa = PBXGroup;
			children = (
				76ED209815BF32AA00E186D3 /* bubbleMine.png */,
				C86D4FF615BFE7B3003F161E /* bubbleMine@2x.png */,
				76ED209915BF32AA00E186D3 /* bubbleSomeone.png */,
				C86D4FF715BFE7B3003F161E /* bubbleSomeone@2x.png */,
			);
			name = images;
			sourceTree = "<group>";
		};
/* End PBXGroup section */

/* Begin PBXNativeTarget section */
		76ED205D15BF096C00E186D3 /* UIBubbleTableViewExample */ = {
			isa = PBXNativeTarget;
			buildConfigurationList = 76ED207C15BF096C00E186D3 /* Build configuration list for PBXNativeTarget "UIBubbleTableViewExample" */;
			buildPhases = (
				76ED205A15BF096C00E186D3 /* Sources */,
				76ED205B15BF096C00E186D3 /* Frameworks */,
				76ED205C15BF096C00E186D3 /* Resources */,
			);
			buildRules = (
			);
			dependencies = (
			);
			name = UIBubbleTableViewExample;
			productName = UIBubbleTableViewExample;
			productReference = 76ED205E15BF096C00E186D3 /* UIBubbleTableViewExample.app */;
			productType = "com.apple.product-type.application";
		};
/* End PBXNativeTarget section */

/* Begin PBXProject section */
		76ED205515BF096C00E186D3 /* Project object */ = {
			isa = PBXProject;
			attributes = {
				LastUpgradeCheck = 0430;
			};
			buildConfigurationList = 76ED205815BF096C00E186D3 /* Build configuration list for PBXProject "UIBubbleTableViewExample" */;
			compatibilityVersion = "Xcode 3.2";
			developmentRegion = English;
			hasScannedForEncodings = 0;
			knownRegions = (
				en,
			);
			mainGroup = 76ED205315BF096C00E186D3;
			productRefGroup = 76ED205F15BF096C00E186D3 /* Products */;
			projectDirPath = "";
			projectRoot = "";
			targets = (
				76ED205D15BF096C00E186D3 /* UIBubbleTableViewExample */,
			);
		};
/* End PBXProject section */

/* Begin PBXResourcesBuildPhase section */
		76ED205C15BF096C00E186D3 /* Resources */ = {
			isa = PBXResourcesBuildPhase;
			buildActionMask = 2147483647;
			files = (
				76ED206D15BF096C00E186D3 /* InfoPlist.strings in Resources */,
				76ED207915BF096C00E186D3 /* ViewController.xib in Resources */,
				76ED209615BF2A1400E186D3 /* UIBubbleTableViewCell.xib in Resources */,
				76ED209A15BF32AA00E186D3 /* bubbleMine.png in Resources */,
				76ED209B15BF32AA00E186D3 /* bubbleSomeone.png in Resources */,
				C86D4FF815BFE7B3003F161E /* bubbleMine@2x.png in Resources */,
				C86D4FF915BFE7B3003F161E /* bubbleSomeone@2x.png in Resources */,
				C86D4FFC15BFEBBF003F161E /* icon_57.png in Resources */,
				C86D4FFE15BFEBC1003F161E /* icon_114.png in Resources */,
			);
			runOnlyForDeploymentPostprocessing = 0;
		};
/* End PBXResourcesBuildPhase section */

/* Begin PBXSourcesBuildPhase section */
		76ED205A15BF096C00E186D3 /* Sources */ = {
			isa = PBXSourcesBuildPhase;
			buildActionMask = 2147483647;
			files = (
				76ED206F15BF096C00E186D3 /* main.m in Sources */,
				76ED207315BF096C00E186D3 /* AppDelegate.m in Sources */,
				76ED207615BF096C00E186D3 /* ViewController.m in Sources */,
				76ED208715BF09E300E186D3 /* UIBubbleTableView.m in Sources */,
				76ED208B15BF0BB100E186D3 /* NSBubbleData.m in Sources */,
				76ED209115BF263600E186D3 /* NSBubbleDataInternal.m in Sources */,
				76ED209415BF29EE00E186D3 /* UIBubbleTableViewCell.m in Sources */,
			);
			runOnlyForDeploymentPostprocessing = 0;
		};
/* End PBXSourcesBuildPhase section */

/* Begin PBXVariantGroup section */
		76ED206B15BF096C00E186D3 /* InfoPlist.strings */ = {
			isa = PBXVariantGroup;
			children = (
				76ED206C15BF096C00E186D3 /* en */,
			);
			name = InfoPlist.strings;
			sourceTree = "<group>";
		};
		76ED207715BF096C00E186D3 /* ViewController.xib */ = {
			isa = PBXVariantGroup;
			children = (
				76ED207815BF096C00E186D3 /* en */,
			);
			name = ViewController.xib;
			sourceTree = "<group>";
		};
/* End PBXVariantGroup section */

/* Begin XCBuildConfiguration section */
		76ED207A15BF096C00E186D3 /* Debug */ = {
			isa = XCBuildConfiguration;
			buildSettings = {
				ALWAYS_SEARCH_USER_PATHS = NO;
				ARCHS = "$(ARCHS_STANDARD_32_BIT)";
				"CODE_SIGN_IDENTITY[sdk=iphoneos*]" = "iPhone Developer";
				COPY_PHASE_STRIP = NO;
				GCC_C_LANGUAGE_STANDARD = gnu99;
				GCC_DYNAMIC_NO_PIC = NO;
				GCC_OPTIMIZATION_LEVEL = 0;
				GCC_PREPROCESSOR_DEFINITIONS = (
					"DEBUG=1",
					"$(inherited)",
				);
				GCC_SYMBOLS_PRIVATE_EXTERN = NO;
				GCC_VERSION = com.apple.compilers.llvm.clang.1_0;
				GCC_WARN_ABOUT_RETURN_TYPE = YES;
				GCC_WARN_UNINITIALIZED_AUTOS = YES;
				GCC_WARN_UNUSED_VARIABLE = YES;
				IPHONEOS_DEPLOYMENT_TARGET = 5.1;
				SDKROOT = iphoneos;
			};
			name = Debug;
		};
		76ED207B15BF096C00E186D3 /* Release */ = {
			isa = XCBuildConfiguration;
			buildSettings = {
				ALWAYS_SEARCH_USER_PATHS = NO;
				ARCHS = "$(ARCHS_STANDARD_32_BIT)";
				"CODE_SIGN_IDENTITY[sdk=iphoneos*]" = "iPhone Developer";
				COPY_PHASE_STRIP = YES;
				GCC_C_LANGUAGE_STANDARD = gnu99;
				GCC_VERSION = com.apple.compilers.llvm.clang.1_0;
				GCC_WARN_ABOUT_RETURN_TYPE = YES;
				GCC_WARN_UNINITIALIZED_AUTOS = YES;
				GCC_WARN_UNUSED_VARIABLE = YES;
				IPHONEOS_DEPLOYMENT_TARGET = 5.1;
				OTHER_CFLAGS = "-DNS_BLOCK_ASSERTIONS=1";
				SDKROOT = iphoneos;
				VALIDATE_PRODUCT = YES;
			};
			name = Release;
		};
		76ED207D15BF096C00E186D3 /* Debug */ = {
			isa = XCBuildConfiguration;
			buildSettings = {
				GCC_PRECOMPILE_PREFIX_HEADER = YES;
				GCC_PREFIX_HEADER = "UIBubbleTableViewExample/UIBubbleTableViewExample-Prefix.pch";
				INFOPLIST_FILE = "UIBubbleTableViewExample/UIBubbleTableViewExample-Info.plist";
				PRODUCT_NAME = "$(TARGET_NAME)";
				WRAPPER_EXTENSION = app;
			};
			name = Debug;
		};
		76ED207E15BF096C00E186D3 /* Release */ = {
			isa = XCBuildConfiguration;
			buildSettings = {
				GCC_PRECOMPILE_PREFIX_HEADER = YES;
				GCC_PREFIX_HEADER = "UIBubbleTableViewExample/UIBubbleTableViewExample-Prefix.pch";
				INFOPLIST_FILE = "UIBubbleTableViewExample/UIBubbleTableViewExample-Info.plist";
				PRODUCT_NAME = "$(TARGET_NAME)";
				WRAPPER_EXTENSION = app;
			};
			name = Release;
		};
/* End XCBuildConfiguration section */

/* Begin XCConfigurationList section */
		76ED205815BF096C00E186D3 /* Build configuration list for PBXProject "UIBubbleTableViewExample" */ = {
			isa = XCConfigurationList;
			buildConfigurations = (
				76ED207A15BF096C00E186D3 /* Debug */,
				76ED207B15BF096C00E186D3 /* Release */,
			);
			defaultConfigurationIsVisible = 0;
			defaultConfigurationName = Release;
		};
		76ED207C15BF096C00E186D3 /* Build configuration list for PBXNativeTarget "UIBubbleTableViewExample" */ = {
			isa = XCConfigurationList;
			buildConfigurations = (
				76ED207D15BF096C00E186D3 /* Debug */,
				76ED207E15BF096C00E186D3 /* Release */,
			);
			defaultConfigurationIsVisible = 0;
			defaultConfigurationName = Release;
		};
/* End XCConfigurationList section */
	};
	rootObject = 76ED205515BF096C00E186D3 /* Project object */;
}
